PODS:
  - Bow (0.8.0)
  - BowEffects (0.8.0):
    - Bow (~> 0.8.0)
  - BowFree (0.8.0):
    - Bow (~> 0.8.0)
  - BowGeneric (0.8.0):
    - Bow (~> 0.8.0)
  - BowOptics (0.8.0):
    - Bow (~> 0.8.0)
  - BowRecursionSchemes (0.8.0):
    - Bow (~> 0.8.0)
  - BowRx (0.8.0):
    - Bow (~> 0.8.0)
    - BowEffects (~> 0.8.0)
    - RxSwift (~> 5.1.1)
  - CouchbaseLite-Swift (2.8.4)
  - Introspect (0.1.3)
  - RxSwift (5.1.3)

DEPENDENCIES:
  - Bow
  - BowEffects
  - BowFree
  - BowGeneric
  - BowOptics
  - BowRecursionSchemes
  - BowRx
  - CouchbaseLite-Swift (~> 2.8)
  - Introspect

SPEC REPOS:
  trunk:
    - Bow
    - BowEffects
    - BowFree
    - BowGeneric
    - BowOptics
    - BowRecursionSchemes
    - BowRx
    - CouchbaseLite-Swift
    - Introspect
    - RxSwift

SPEC CHECKSUMS:
  Bow: a709b8d14ac59d7f1d2f8388891c8632628e7575
  BowEffects: 16ba770445cbbd0f58c5c9f53edfa3c63098d49e
  BowFree: 881cb50d812942e9a79db8411f4dff6df5d7c566
  BowGeneric: 6692347e82564a922f1e8db3fcd3dbf08e889514
  BowOptics: 2b5801dc9ab7532098cc47d5f2cc38635def9b16
  BowRecursionSchemes: 0ed89b19d3f04ad05b35478df035697bad1dfb60
  BowRx: 336e4129a12ebe99a822ae8c3c86dc4f15a57c92
  CouchbaseLite-Swift: a25971eb557d646359581371e559333a386a5701
  Introspect: 2be020f30f084ada52bb4387fff83fa52c5c400e
  RxSwift: 915abbdfb62214aa89ccd0b194d44fb478019b27

PODFILE CHECKSUM: bff4e1634c1fe80484bed967a148525fb0fc5d84

COCOAPODS: 1.10.1
